
Microsoft Visual Studio Solution File, Format Version 12.00
# Visual Studio Version 16
VisualStudioVersion = 16.0.31409.214
MinimumVisualStudioVersion = 10.0.40219.1
Project("{9A19103F-16F7-4668-BE54-9A1E7A4F7556}") = "Delegates", "Delegates.csproj", "{468CB57E-3BEA-422A-8A4C-786680ED1434}"
EndProject
Project("{FAE04EC0-301F-11D3-BF4B-00C04F79EFBC}") = "DelegatesTest", "..\DelegatesTest\DelegatesTest.csproj", "{2F215D69-FF1B-4A5D-AB54-990121636751}"
EndProject
Global
	GlobalSection(SolutionConfigurationPlatforms) = preSolution
		Debug|Any CPU = Debug|Any CPU
		Release|Any CPU = Release|Any CPU
	EndGlobalSection
	GlobalSection(ProjectConfigurationPlatforms) = postSolution
		{468CB57E-3BEA-422A-8A4C-786680ED1434}.Debug|Any CPU.ActiveCfg = Debug|Any CPU
		{468CB57E-3BEA-422A-8A4C-786680ED1434}.Debug|Any CPU.Build.0 = Debug|Any CPU
		{468CB57E-3BEA-422A-8A4C-786680ED1434}.Release|Any CPU.ActiveCfg = Release|Any CPU
		{468CB57E-3BEA-422A-8A4C-786680ED1434}.Release|Any CPU.Build.0 = Release|Any CPU
		{2F215D69-FF1B-4A5D-AB54-990121636751}.Debug|Any CPU.ActiveCfg = Debug|Any CPU
		{2F215D69-FF1B-4A5D-AB54-990121636751}.Debug|Any CPU.Build.0 = Debug|Any CPU
		{2F215D69-FF1B-4A5D-AB54-990121636751}.Release|Any CPU.ActiveCfg = Release|Any CPU
		{2F215D69-FF1B-4A5D-AB54-990121636751}.Release|Any CPU.Build.0 = Release|Any CPU
	EndGlobalSection
	GlobalSection(SolutionProperties) = preSolution
		HideSolutionNode = FALSE
	EndGlobalSection
	GlobalSection(ExtensibilityGlobals) = postSolution
		SolutionGuid = {F335B154-FAD9-409B-8F8B-D140FF059AA5}
	EndGlobalSection
EndGlobal
